
Microsoft Visual Studio Solution File, Format Version 12.00
# Visual Studio 15
VisualStudioVersion = 15.0.27428.1
MinimumVisualStudioVersion = 10.0.40219.1
Project("{FAE04EC0-301F-11D3-BF4B-00C04F79EFBC}") = "VideoGamesDB", "VideoGamesDB\VideoGamesDB.csproj", "{AFACF24E-A2B7-4B80-806D-E45AED82283F}"
EndProject
Global
	GlobalSection(SolutionConfigurationPlatforms) = preSolution
		Debug|Any CPU = Debug|Any CPU
		Release|Any CPU = Release|Any CPU
	EndGlobalSection
	GlobalSection(ProjectConfigurationPlatforms) = postSolution
		{AFACF24E-A2B7-4B80-806D-E45AED82283F}.Debug|Any CPU.ActiveCfg = Debug|Any CPU
		{AFACF24E-A2B7-4B80-806D-E45AED82283F}.Debug|Any CPU.Build.0 = Debug|Any CPU
		{AFACF24E-A2B7-4B80-806D-E45AED82283F}.Release|Any CPU.ActiveCfg = Release|Any CPU
		{AFACF24E-A2B7-4B80-806D-E45AED82283F}.Release|Any CPU.Build.0 = Release|Any CPU
	EndGlobalSection
	GlobalSection(SolutionProperties) = preSolution
		HideSolutionNode = FALSE
	EndGlobalSection
	GlobalSection(ExtensibilityGlobals) = postSolution
		SolutionGuid = {B5204796-0836-4DB0-883F-2A6010F0ACF3}
	EndGlobalSection
EndGlobal
